
Microsoft Visual Studio Solution File, Format Version 12.00
# Visual Studio Version 17
VisualStudioVersion = 17.9.34616.47
MinimumVisualStudioVersion = 10.0.40219.1
Project("{FAE04EC0-301F-11D3-BF4B-00C04F79EFBC}") = "TodoApi", "TodoApi\TodoApi.csproj", "{6CBDFC7D-F7AA-46DE-A83D-CB0D30B81C92}"
EndProject
Global
	GlobalSection(SolutionConfigurationPlatforms) = preSolution
		Debug|Any CPU = Debug|Any CPU
		Release|Any CPU = Release|Any CPU
	EndGlobalSection
	GlobalSection(ProjectConfigurationPlatforms) = postSolution
		{6CBDFC7D-F7AA-46DE-A83D-CB0D30B81C92}.Debug|Any CPU.ActiveCfg = Debug|Any CPU
		{6CBDFC7D-F7AA-46DE-A83D-CB0D30B81C92}.Debug|Any CPU.Build.0 = Debug|Any CPU
		{6CBDFC7D-F7AA-46DE-A83D-CB0D30B81C92}.Release|Any CPU.ActiveCfg = Release|Any CPU
		{6CBDFC7D-F7AA-46DE-A83D-CB0D30B81C92}.Release|Any CPU.Build.0 = Release|Any CPU
	EndGlobalSection
	GlobalSection(SolutionProperties) = preSolution
		HideSolutionNode = FALSE
	EndGlobalSection
	GlobalSection(ExtensibilityGlobals) = postSolution
		SolutionGuid = {80538F87-9105-42EC-BD8E-013920DD4D63}
	EndGlobalSection
EndGlobal
